
Microsoft Visual Studio Solution File, Format Version 11.00
# Visual Studio 2010
Project("{FAE04EC0-301F-11D3-BF4B-00C04F79EFBC}") = "VroomJs", "VroomJs\VroomJs.csproj", "{2E79AA26-6CD3-4EF0-9113-8421D709E3D4}"
EndProject
Project("{2857B73E-F847-4B02-9238-064979017E93}") = "libvroomjs", "libvroomjs\libvroomjs.cproj", "{99553740-E58C-4114-97B9-39FFB3E48512}"
EndProject
Project("{FAE04EC0-301F-11D3-BF4B-00C04F79EFBC}") = "VroomJs.Tests", "VroomJs.Tests\VroomJs.Tests.csproj", "{CAAF1383-F19C-4349-8532-D7690823DCBC}"
EndProject
Project("{FAE04EC0-301F-11D3-BF4B-00C04F79EFBC}") = "Sandbox", "Sandbox\Sandbox.csproj", "{69D8A607-DDBA-4106-A6D9-10CDCFDF51F8}"
EndProject
Project("{2150E333-8FDC-42A3-9474-1A3956D46DE8}") = "Solution Items", "Solution Items", "{AD7F0ACF-121B-4E65-8BCB-A335E0F44F33}"
	ProjectSection(SolutionItems) = preProject
		.gitignore = .gitignore
		README.md = README.md
	EndProjectSection
EndProject
Global
	GlobalSection(SolutionConfigurationPlatforms) = preSolution
		Debug|Any CPU = Debug|Any CPU
		Release|Any CPU = Release|Any CPU
	EndGlobalSection
	GlobalSection(ProjectConfigurationPlatforms) = postSolution
		{2E79AA26-6CD3-4EF0-9113-8421D709E3D4}.Debug|Any CPU.ActiveCfg = Debug|Any CPU
		{2E79AA26-6CD3-4EF0-9113-8421D709E3D4}.Debug|Any CPU.Build.0 = Debug|Any CPU
		{2E79AA26-6CD3-4EF0-9113-8421D709E3D4}.Release|Any CPU.ActiveCfg = Release|Any CPU
		{2E79AA26-6CD3-4EF0-9113-8421D709E3D4}.Release|Any CPU.Build.0 = Release|Any CPU
		{69D8A607-DDBA-4106-A6D9-10CDCFDF51F8}.Debug|Any CPU.ActiveCfg = Debug|Any CPU
		{69D8A607-DDBA-4106-A6D9-10CDCFDF51F8}.Debug|Any CPU.Build.0 = Debug|Any CPU
		{69D8A607-DDBA-4106-A6D9-10CDCFDF51F8}.Release|Any CPU.ActiveCfg = Release|Any CPU
		{69D8A607-DDBA-4106-A6D9-10CDCFDF51F8}.Release|Any CPU.Build.0 = Release|Any CPU
		{99553740-E58C-4114-97B9-39FFB3E48512}.Debug|Any CPU.ActiveCfg = Debug|Any CPU
		{99553740-E58C-4114-97B9-39FFB3E48512}.Debug|Any CPU.Build.0 = Debug|Any CPU
		{99553740-E58C-4114-97B9-39FFB3E48512}.Release|Any CPU.ActiveCfg = Release|Any CPU
		{99553740-E58C-4114-97B9-39FFB3E48512}.Release|Any CPU.Build.0 = Release|Any CPU
		{CAAF1383-F19C-4349-8532-D7690823DCBC}.Debug|Any CPU.ActiveCfg = Debug|Any CPU
		{CAAF1383-F19C-4349-8532-D7690823DCBC}.Debug|Any CPU.Build.0 = Debug|Any CPU
		{CAAF1383-F19C-4349-8532-D7690823DCBC}.Release|Any CPU.ActiveCfg = Release|Any CPU
		{CAAF1383-F19C-4349-8532-D7690823DCBC}.Release|Any CPU.Build.0 = Release|Any CPU
	EndGlobalSection
	GlobalSection(NestedProjects) = preSolution
	EndGlobalSection
	GlobalSection(MonoDevelopProperties) = preSolution
		StartupItem = VroomJs\VroomJs.csproj
		Policies = $0
		$0.DotNetNamingPolicy = $1
		$1.DirectoryNamespaceAssociation = None
		$1.ResourceNamePolicy = FileFormatDefault
		$0.TextStylePolicy = $2
		$2.inheritsSet = VisualStudio
		$2.inheritsScope = text/plain
		$2.scope = text/plain
		$0.StandardHeader = $3
		$3.Text = @This file is part of the VroomJs library.\n \nAuthor:\n    ${AuthorName} <${AuthorEmail}>\n\nCopyright (c) ${Year} ${CopyrightHolder}\n\nPermission is hereby granted, free of charge, to any person obtaining a copy\nof this software and associated documentation files (the "Software"), to deal\nin the Software without restriction, including without limitation the rights\nto use, copy, modify, merge, publish, distribute, sublicense, and/or sell\ncopies of the Software, and to permit persons to whom the Software is\nfurnished to do so, subject to the following conditions:\n\nThe above copyright notice and this permission notice shall be included in\nall copies or substantial portions of the Software.\n\nTHE SOFTWARE IS PROVIDED "AS IS", WITHOUT WARRANTY OF ANY KIND, EXPRESS OR\nIMPLIED, INCLUDING BUT NOT LIMITED TO THE WARRANTIES OF MERCHANTABILITY,\nFITNESS FOR A PARTICULAR PURPOSE AND NONINFRINGEMENT. IN NO EVENT SHALL THE\nAUTHORS OR COPYRIGHT HOLDERS BE LIABLE FOR ANY CLAIM, DAMAGES OR OTHER\nLIABILITY, WHETHER IN AN ACTION OF CONTRACT, TORT OR OTHERWISE, ARISING FROM,\nOUT OF OR IN CONNECTION WITH THE SOFTWARE OR THE USE OR OTHER DEALINGS IN\nTHE SOFTWARE.
		$3.IncludeInNewFiles = True
		$0.NameConventionPolicy = $4
		$4.Rules = $5
		$5.NamingRule = $6
		$6.Name = Namespaces
		$6.AffectedEntity = Namespace
		$6.VisibilityMask = VisibilityMask
		$6.NamingStyle = PascalCase
		$6.IncludeInstanceMembers = True
		$6.IncludeStaticEntities = True
		$5.NamingRule = $7
		$7.Name = Types
		$7.AffectedEntity = Class, Struct, Enum, Delegate
		$7.VisibilityMask = Public
		$7.NamingStyle = PascalCase
		$7.IncludeInstanceMembers = True
		$7.IncludeStaticEntities = True
		$5.NamingRule = $8
		$8.Name = Interfaces
		$8.RequiredPrefixes = $9
		$9.String = I
		$8.AffectedEntity = Interface
		$8.VisibilityMask = Public
		$8.NamingStyle = PascalCase
		$8.IncludeInstanceMembers = True
		$8.IncludeStaticEntities = True
		$5.NamingRule = $10
		$10.Name = Attributes
		$10.RequiredSuffixes = $11
		$11.String = Attribute
		$10.AffectedEntity = CustomAttributes
		$10.VisibilityMask = Public
		$10.NamingStyle = PascalCase
		$10.IncludeInstanceMembers = True
		$10.IncludeStaticEntities = True
		$5.NamingRule = $12
		$12.Name = Event Arguments
		$12.RequiredSuffixes = $13
		$13.String = EventArgs
		$12.AffectedEntity = CustomEventArgs
		$12.VisibilityMask = Public
		$12.NamingStyle = PascalCase
		$12.IncludeInstanceMembers = True
		$12.IncludeStaticEntities = True
		$5.NamingRule = $14
		$14.Name = Exceptions
		$14.RequiredSuffixes = $15
		$15.String = Exception
		$14.AffectedEntity = CustomExceptions
		$14.VisibilityMask = VisibilityMask
		$14.NamingStyle = PascalCase
		$14.IncludeInstanceMembers = True
		$14.IncludeStaticEntities = True
		$5.NamingRule = $16
		$16.Name = Methods
		$16.AffectedEntity = Methods
		$16.VisibilityMask = Protected, Public
		$16.NamingStyle = PascalCase
		$16.IncludeInstanceMembers = True
		$16.IncludeStaticEntities = True
		$5.NamingRule = $17
		$17.Name = Static Readonly Fields
		$17.AffectedEntity = ReadonlyField
		$17.VisibilityMask = Protected, Public
		$17.NamingStyle = PascalCase
		$17.IncludeInstanceMembers = False
		$17.IncludeStaticEntities = True
		$5.NamingRule = $18
		$18.Name = Fields
		$18.AffectedEntity = Field
		$18.VisibilityMask = Protected, Public
		$18.NamingStyle = PascalCase
		$18.IncludeInstanceMembers = True
		$18.IncludeStaticEntities = True
		$5.NamingRule = $19
		$19.Name = ReadOnly Fields
		$19.AffectedEntity = ReadonlyField
		$19.VisibilityMask = Protected, Public
		$19.NamingStyle = PascalCase
		$19.IncludeInstanceMembers = True
		$19.IncludeStaticEntities = False
		$5.NamingRule = $20
		$20.Name = Constant Fields
		$20.AffectedEntity = ConstantField
		$20.VisibilityMask = Protected, Public
		$20.NamingStyle = PascalCase
		$20.IncludeInstanceMembers = True
		$20.IncludeStaticEntities = True
		$5.NamingRule = $21
		$21.Name = Properties
		$21.AffectedEntity = Property
		$21.VisibilityMask = Protected, Public
		$21.NamingStyle = PascalCase
		$21.IncludeInstanceMembers = True
		$21.IncludeStaticEntities = True
		$5.NamingRule = $22
		$22.Name = Events
		$22.AffectedEntity = Event
		$22.VisibilityMask = Protected, Public
		$22.NamingStyle = PascalCase
		$22.IncludeInstanceMembers = True
		$22.IncludeStaticEntities = True
		$5.NamingRule = $23
		$23.Name = Enum Members
		$23.AffectedEntity = EnumMember
		$23.VisibilityMask = VisibilityMask
		$23.NamingStyle = PascalCase
		$23.IncludeInstanceMembers = True
		$23.IncludeStaticEntities = True
		$5.NamingRule = $24
		$24.Name = Parameters
		$24.AffectedEntity = Parameter
		$24.VisibilityMask = VisibilityMask
		$24.NamingStyle = CamelCase
		$24.IncludeInstanceMembers = True
		$24.IncludeStaticEntities = True
		$5.NamingRule = $25
		$25.Name = Type Parameters
		$25.RequiredPrefixes = $26
		$26.String = T
		$25.AffectedEntity = TypeParameter
		$25.VisibilityMask = VisibilityMask
		$25.NamingStyle = PascalCase
		$25.IncludeInstanceMembers = True
		$25.IncludeStaticEntities = True
		$0.VersionControlPolicy = $27
		$27.CommitMessageStyle = $28
		$28.FileSeparator = ", "
		$28.IncludeDirectoryPaths = True
		$27.inheritsSet = Mono
		$0.ChangeLogPolicy = $29
		$29.UpdateMode = None
		$29.MessageStyle = $30
		$30.LineAlign = 0
		$29.inheritsSet = Mono
		$0.TextStylePolicy = $31
		$31.FileWidth = 132
		$31.inheritsSet = VisualStudio
		$31.inheritsScope = text/plain
		$31.scope = text/x-csharp
		$0.CSharpFormattingPolicy = $32
		$32.ElseIfNewLinePlacement = SameLine
		$32.AfterDelegateDeclarationParameterComma = True
		$32.inheritsSet = Mono
		$32.inheritsScope = text/x-csharp
		$32.scope = text/x-csharp
		outputpath = build
	EndGlobalSection
EndGlobal
